
Microsoft Visual Studio Solution File, Format Version 12.00
# Visual Studio 15
Project("{FAE04EC0-301F-11D3-BF4B-00C04F79EFBC}") = "BIZBANK.V2020.CAD.ORACLE", "BIZBANK.V2020.CAD.ORACLE\BIZBANK.V2020.CAD.ORACLE.csproj", "{A59E7D7B-F0E5-4EF1-8971-6F6709B40C95}"
EndProject
Project("{FAE04EC0-301F-11D3-BF4B-00C04F79EFBC}") = "BIZBANK.V2020.CAD.DBMS", "BIZBANK.V2020.CAD.DBMS\BIZBANK.V2020.CAD.DBMS.csproj", "{13EB1444-52EC-4C50-93E2-F27D8D70A59A}"
EndProject
Project("{FAE04EC0-301F-11D3-BF4B-00C04F79EFBC}") = "TestConsola", "TestConsola\TestConsola.csproj", "{DF94FF4A-B6C0-4E6B-8632-34CAE591BA09}"
EndProject
Global
	GlobalSection(SolutionConfigurationPlatforms) = preSolution
		Debug|Any CPU = Debug|Any CPU
		Release|Any CPU = Release|Any CPU
	EndGlobalSection
	GlobalSection(ProjectConfigurationPlatforms) = postSolution
		{A59E7D7B-F0E5-4EF1-8971-6F6709B40C95}.Debug|Any CPU.ActiveCfg = Debug|Any CPU
		{A59E7D7B-F0E5-4EF1-8971-6F6709B40C95}.Debug|Any CPU.Build.0 = Debug|Any CPU
		{A59E7D7B-F0E5-4EF1-8971-6F6709B40C95}.Release|Any CPU.ActiveCfg = Release|Any CPU
		{A59E7D7B-F0E5-4EF1-8971-6F6709B40C95}.Release|Any CPU.Build.0 = Release|Any CPU
		{13EB1444-52EC-4C50-93E2-F27D8D70A59A}.Debug|Any CPU.ActiveCfg = Debug|Any CPU
		{13EB1444-52EC-4C50-93E2-F27D8D70A59A}.Debug|Any CPU.Build.0 = Debug|Any CPU
		{13EB1444-52EC-4C50-93E2-F27D8D70A59A}.Release|Any CPU.ActiveCfg = Release|Any CPU
		{13EB1444-52EC-4C50-93E2-F27D8D70A59A}.Release|Any CPU.Build.0 = Release|Any CPU
		{DF94FF4A-B6C0-4E6B-8632-34CAE591BA09}.Debug|Any CPU.ActiveCfg = Debug|Any CPU
		{DF94FF4A-B6C0-4E6B-8632-34CAE591BA09}.Debug|Any CPU.Build.0 = Debug|Any CPU
		{DF94FF4A-B6C0-4E6B-8632-34CAE591BA09}.Release|Any CPU.ActiveCfg = Release|Any CPU
		{DF94FF4A-B6C0-4E6B-8632-34CAE591BA09}.Release|Any CPU.Build.0 = Release|Any CPU
	EndGlobalSection
EndGlobal
