
Microsoft Visual Studio Solution File, Format Version 12.00
# Visual Studio Version 16
VisualStudioVersion = 16.0.29728.190
MinimumVisualStudioVersion = 10.0.40219.1
Project("{9A19103F-16F7-4668-BE54-9A1E7A4F7556}") = "BIZBANK.V2020.CAD.GENERAL", "BIZBANK.V2020.CAD.GENERAL\BIZBANK.V2020.CAD.GENERAL.csproj", "{0D4EDEEE-DAB8-4DF1-8DEB-71782814B24D}"
EndProject
Project("{9A19103F-16F7-4668-BE54-9A1E7A4F7556}") = "BIZBANK.V2020.CAD.ADMINISTRACION", "BIZBANK.V2020.CAD.ADMINISTRACION\BIZBANK.V2020.CAD.ADMINISTRACION.csproj", "{156C4C5D-FC0B-460B-9CAA-B2A7A3893BCB}"
EndProject
Global
	GlobalSection(SolutionConfigurationPlatforms) = preSolution
		Debug|Any CPU = Debug|Any CPU
		Release|Any CPU = Release|Any CPU
	EndGlobalSection
	GlobalSection(ProjectConfigurationPlatforms) = postSolution
		{0D4EDEEE-DAB8-4DF1-8DEB-71782814B24D}.Debug|Any CPU.ActiveCfg = Debug|Any CPU
		{0D4EDEEE-DAB8-4DF1-8DEB-71782814B24D}.Debug|Any CPU.Build.0 = Debug|Any CPU
		{0D4EDEEE-DAB8-4DF1-8DEB-71782814B24D}.Release|Any CPU.ActiveCfg = Release|Any CPU
		{0D4EDEEE-DAB8-4DF1-8DEB-71782814B24D}.Release|Any CPU.Build.0 = Release|Any CPU
		{156C4C5D-FC0B-460B-9CAA-B2A7A3893BCB}.Debug|Any CPU.ActiveCfg = Debug|Any CPU
		{156C4C5D-FC0B-460B-9CAA-B2A7A3893BCB}.Debug|Any CPU.Build.0 = Debug|Any CPU
		{156C4C5D-FC0B-460B-9CAA-B2A7A3893BCB}.Release|Any CPU.ActiveCfg = Release|Any CPU
		{156C4C5D-FC0B-460B-9CAA-B2A7A3893BCB}.Release|Any CPU.Build.0 = Release|Any CPU
	EndGlobalSection
	GlobalSection(SolutionProperties) = preSolution
		HideSolutionNode = FALSE
	EndGlobalSection
	GlobalSection(ExtensibilityGlobals) = postSolution
		SolutionGuid = {62CC0DF0-0224-47B8-AC85-100F83E69D37}
	EndGlobalSection
EndGlobal
